// !$*UTF8*$!
{
	archiveVersion = 1;
	classes = {
	};
	objectVersion = 46;
	objects = {

/* Begin PBXBuildFile section */
		565949A51EC8C12C000AE300 /* OrderedDictionary.framework in Frameworks */ = {isa = PBXBuildFile; fileRef = 5659499B1EC8C12C000AE300 /* OrderedDictionary.framework */; };
		565949AA1EC8C12C000AE300 /* OrderedDictionaryTests.swift in Sources */ = {isa = PBXBuildFile; fileRef = 565949A91EC8C12C000AE300 /* OrderedDictionaryTests.swift */; };
		565949AC1EC8C12C000AE300 /* OrderedDictionary.h in Headers */ = {isa = PBXBuildFile; fileRef = 5659499E1EC8C12C000AE300 /* OrderedDictionary.h */; settings = {ATTRIBUTES = (Public, ); }; };
		565949B61EC8C20D000AE300 /* OrderedDictionary.swift in Sources */ = {isa = PBXBuildFile; fileRef = 565949B51EC8C20D000AE300 /* OrderedDictionary.swift */; };
/* End PBXBuildFile section */

/* Begin PBXContainerItemProxy section */
		565949A61EC8C12C000AE300 /* PBXContainerItemProxy */ = {
			isa = PBXContainerItemProxy;
			containerPortal = 565949921EC8C12C000AE300 /* Project object */;
			proxyType = 1;
			remoteGlobalIDString = 5659499A1EC8C12C000AE300;
			remoteInfo = OrderedDictionary;
		};
/* End PBXContainerItemProxy section */

/* Begin PBXFileReference section */
		5659499B1EC8C12C000AE300 /* OrderedDictionary.framework */ = {isa = PBXFileReference; explicitFileType = wrapper.framework; includeInIndex = 0; path = OrderedDictionary.framework; sourceTree = BUILT_PRODUCTS_DIR; };
		5659499E1EC8C12C000AE300 /* OrderedDictionary.h */ = {isa = PBXFileReference; lastKnownFileType = sourcecode.c.h; path = OrderedDictionary.h; sourceTree = "<group>"; };
		5659499F1EC8C12C000AE300 /* Info.plist */ = {isa = PBXFileReference; lastKnownFileType = text.plist.xml; path = Info.plist; sourceTree = "<group>"; };
		565949A41EC8C12C000AE300 /* OrderedDictionaryTests.xctest */ = {isa = PBXFileReference; explicitFileType = wrapper.cfbundle; includeInIndex = 0; path = OrderedDictionaryTests.xctest; sourceTree = BUILT_PRODUCTS_DIR; };
		565949A91EC8C12C000AE300 /* OrderedDictionaryTests.swift */ = {isa = PBXFileReference; lastKnownFileType = sourcecode.swift; path = OrderedDictionaryTests.swift; sourceTree = "<group>"; };
		565949AB1EC8C12C000AE300 /* Info.plist */ = {isa = PBXFileReference; lastKnownFileType = text.plist.xml; path = Info.plist; sourceTree = "<group>"; };
		565949B51EC8C20D000AE300 /* OrderedDictionary.swift */ = {isa = PBXFileReference; fileEncoding = 4; lastKnownFileType = sourcecode.swift; path = OrderedDictionary.swift; sourceTree = "<group>"; };
/* End PBXFileReference section */

/* Begin PBXFrameworksBuildPhase section */
		565949971EC8C12C000AE300 /* Frameworks */ = {
			isa = PBXFrameworksBuildPhase;
			buildActionMask = 2147483647;
			files = (
			);
			runOnlyForDeploymentPostprocessing = 0;
		};
		565949A11EC8C12C000AE300 /* Frameworks */ = {
			isa = PBXFrameworksBuildPhase;
			buildActionMask = 2147483647;
			files = (
				565949A51EC8C12C000AE300 /* OrderedDictionary.framework in Frameworks */,
			);
			runOnlyForDeploymentPostprocessing = 0;
		};
/* End PBXFrameworksBuildPhase section */

/* Begin PBXGroup section */
		565949911EC8C12C000AE300 = {
			isa = PBXGroup;
			children = (
				5659499D1EC8C12C000AE300 /* OrderedDictionary */,
				565949A81EC8C12C000AE300 /* OrderedDictionaryTests */,
				5659499C1EC8C12C000AE300 /* Products */,
			);
			sourceTree = "<group>";
		};
		5659499C1EC8C12C000AE300 /* Products */ = {
			isa = PBXGroup;
			children = (
				5659499B1EC8C12C000AE300 /* OrderedDictionary.framework */,
				565949A41EC8C12C000AE300 /* OrderedDictionaryTests.xctest */,
			);
			name = Products;
			sourceTree = "<group>";
		};
		5659499D1EC8C12C000AE300 /* OrderedDictionary */ = {
			isa = PBXGroup;
			children = (
				5659499E1EC8C12C000AE300 /* OrderedDictionary.h */,
				5659499F1EC8C12C000AE300 /* Info.plist */,
				565949B51EC8C20D000AE300 /* OrderedDictionary.swift */,
			);
			path = OrderedDictionary;
			sourceTree = "<group>";
		};
		565949A81EC8C12C000AE300 /* OrderedDictionaryTests */ = {
			isa = PBXGroup;
			children = (
				565949A91EC8C12C000AE300 /* OrderedDictionaryTests.swift */,
				565949AB1EC8C12C000AE300 /* Info.plist */,
			);
			path = OrderedDictionaryTests;
			sourceTree = "<group>";
		};
/* End PBXGroup section */

/* Begin PBXHeadersBuildPhase section */
		565949981EC8C12C000AE300 /* Headers */ = {
			isa = PBXHeadersBuildPhase;
			buildActionMask = 2147483647;
			files = (
				565949AC1EC8C12C000AE300 /* OrderedDictionary.h in Headers */,
			);
			runOnlyForDeploymentPostprocessing = 0;
		};
/* End PBXHeadersBuildPhase section */

/* Begin PBXNativeTarget section */
		5659499A1EC8C12C000AE300 /* OrderedDictionary */ = {
			isa = PBXNativeTarget;
			buildConfigurationList = 565949AF1EC8C12C000AE300 /* Build configuration list for PBXNativeTarget "OrderedDictionary" */;
			buildPhases = (
				565949961EC8C12C000AE300 /* Sources */,
				565949971EC8C12C000AE300 /* Frameworks */,
				565949981EC8C12C000AE300 /* Headers */,
				565949991EC8C12C000AE300 /* Resources */,
			);
			buildRules = (
			);
			dependencies = (
			);
			name = OrderedDictionary;
			productName = OrderedDictionary;
			productReference = 5659499B1EC8C12C000AE300 /* OrderedDictionary.framework */;
			productType = "com.apple.product-type.framework";
		};
		565949A31EC8C12C000AE300 /* OrderedDictionaryTests */ = {
			isa = PBXNativeTarget;
			buildConfigurationList = 565949B21EC8C12C000AE300 /* Build configuration list for PBXNativeTarget "OrderedDictionaryTests" */;
			buildPhases = (
				565949A01EC8C12C000AE300 /* Sources */,
				565949A11EC8C12C000AE300 /* Frameworks */,
				565949A21EC8C12C000AE300 /* Resources */,
			);
			buildRules = (
			);
			dependencies = (
				565949A71EC8C12C000AE300 /* PBXTargetDependency */,
			);
			name = OrderedDictionaryTests;
			productName = OrderedDictionaryTests;
			productReference = 565949A41EC8C12C000AE300 /* OrderedDictionaryTests.xctest */;
			productType = "com.apple.product-type.bundle.unit-test";
		};
/* End PBXNativeTarget section */

/* Begin PBXProject section */
		565949921EC8C12C000AE300 /* Project object */ = {
			isa = PBXProject;
			attributes = {
				LastSwiftUpdateCheck = 0830;
				LastUpgradeCheck = 0910;
				ORGANIZATIONNAME = vldalx;
				TargetAttributes = {
					5659499A1EC8C12C000AE300 = {
						CreatedOnToolsVersion = 8.3.2;
						DevelopmentTeam = 8Z35TU97D6;
						LastSwiftMigration = 0910;
						ProvisioningStyle = Automatic;
					};
					565949A31EC8C12C000AE300 = {
						CreatedOnToolsVersion = 8.3.2;
						DevelopmentTeam = 8Z35TU97D6;
						LastSwiftMigration = 0910;
						ProvisioningStyle = Automatic;
					};
				};
			};
			buildConfigurationList = 565949951EC8C12C000AE300 /* Build configuration list for PBXProject "OrderedDictionary" */;
			compatibilityVersion = "Xcode 3.2";
			developmentRegion = English;
			hasScannedForEncodings = 0;
			knownRegions = (
				en,
			);
			mainGroup = 565949911EC8C12C000AE300;
			productRefGroup = 5659499C1EC8C12C000AE300 /* Products */;
			projectDirPath = "";
			projectRoot = "";
			targets = (
				5659499A1EC8C12C000AE300 /* OrderedDictionary */,
				565949A31EC8C12C000AE300 /* OrderedDictionaryTests */,
			);
		};
/* End PBXProject section */

/* Begin PBXResourcesBuildPhase section */
		565949991EC8C12C000AE300 /* Resources */ = {
			isa = PBXResourcesBuildPhase;
			buildActionMask = 2147483647;
			files = (
			);
			runOnlyForDeploymentPostprocessing = 0;
		};
		565949A21EC8C12C000AE300 /* Resources */ = {
			isa = PBXResourcesBuildPhase;
			buildActionMask = 2147483647;
			files = (
			);
			runOnlyForDeploymentPostprocessing = 0;
		};
/* End PBXResourcesBuildPhase section */

/* Begin PBXSourcesBuildPhase section */
		565949961EC8C12C000AE300 /* Sources */ = {
			isa = PBXSourcesBuildPhase;
			buildActionMask = 2147483647;
			files = (
				565949B61EC8C20D000AE300 /* OrderedDictionary.swift in Sources */,
			);
			runOnlyForDeploymentPostprocessing = 0;
		};
		565949A01EC8C12C000AE300 /* Sources */ = {
			isa = PBXSourcesBuildPhase;
			buildActionMask = 2147483647;
			files = (
				565949AA1EC8C12C000AE300 /* OrderedDictionaryTests.swift in Sources */,
			);
			runOnlyForDeploymentPostprocessing = 0;
		};
/* End PBXSourcesBuildPhase section */

/* Begin PBXTargetDependency section */
		565949A71EC8C12C000AE300 /* PBXTargetDependency */ = {
			isa = PBXTargetDependency;
			target = 5659499A1EC8C12C000AE300 /* OrderedDictionary */;
			targetProxy = 565949A61EC8C12C000AE300 /* PBXContainerItemProxy */;
		};
/* End PBXTargetDependency section */

/* Begin XCBuildConfiguration section */
		565949AD1EC8C12C000AE300 /* Debug */ = {
			isa = XCBuildConfiguration;
			buildSettings = {
				ALWAYS_SEARCH_USER_PATHS = NO;
				CLANG_ANALYZER_NONNULL = YES;
				CLANG_ANALYZER_NUMBER_OBJECT_CONVERSION = YES_AGGRESSIVE;
				CLANG_CXX_LANGUAGE_STANDARD = "gnu++0x";
				CLANG_CXX_LIBRARY = "libc++";
				CLANG_ENABLE_MODULES = YES;
				CLANG_ENABLE_OBJC_ARC = YES;
				CLANG_WARN_BLOCK_CAPTURE_AUTORELEASING = YES;
				CLANG_WARN_BOOL_CONVERSION = YES;
				CLANG_WARN_COMMA = YES;
				CLANG_WARN_CONSTANT_CONVERSION = YES;
				CLANG_WARN_DIRECT_OBJC_ISA_USAGE = YES_ERROR;
				CLANG_WARN_DOCUMENTATION_COMMENTS = YES;
				CLANG_WARN_EMPTY_BODY = YES;
				CLANG_WARN_ENUM_CONVERSION = YES;
				CLANG_WARN_INFINITE_RECURSION = YES;
				CLANG_WARN_INT_CONVERSION = YES;
				CLANG_WARN_NON_LITERAL_NULL_CONVERSION = YES;
				CLANG_WARN_OBJC_LITERAL_CONVERSION = YES;
				CLANG_WARN_OBJC_ROOT_CLASS = YES_ERROR;
				CLANG_WARN_RANGE_LOOP_ANALYSIS = YES;
				CLANG_WARN_STRICT_PROTOTYPES = YES;
				CLANG_WARN_SUSPICIOUS_MOVE = YES;
				CLANG_WARN_UNREACHABLE_CODE = YES;
				CLANG_WARN__DUPLICATE_METHOD_MATCH = YES;
				"CODE_SIGN_IDENTITY[sdk=iphoneos*]" = "iPhone Developer";
				COPY_PHASE_STRIP = NO;
				CURRENT_PROJECT_VERSION = 1;
				DEBUG_INFORMATION_FORMAT = dwarf;
				ENABLE_STRICT_OBJC_MSGSEND = YES;
				ENABLE_TESTABILITY = YES;
				GCC_C_LANGUAGE_STANDARD = gnu99;
				GCC_DYNAMIC_NO_PIC = NO;
				GCC_NO_COMMON_BLOCKS = YES;
				GCC_OPTIMIZATION_LEVEL = 0;
				GCC_PREPROCESSOR_DEFINITIONS = (
					"DEBUG=1",
					"$(inherited)",
				);
				GCC_WARN_64_TO_32_BIT_CONVERSION = YES;
				GCC_WARN_ABOUT_RETURN_TYPE = YES_ERROR;
				GCC_WARN_UNDECLARED_SELECTOR = YES;
				GCC_WARN_UNINITIALIZED_AUTOS = YES_AGGRESSIVE;
				GCC_WARN_UNUSED_FUNCTION = YES;
				GCC_WARN_UNUSED_VARIABLE = YES;
				IPHONEOS_DEPLOYMENT_TARGET = 10.3;
				MTL_ENABLE_DEBUG_INFO = YES;
				ONLY_ACTIVE_ARCH = YES;
				SDKROOT = iphoneos;
				SWIFT_ACTIVE_COMPILATION_CONDITIONS = DEBUG;
				SWIFT_OPTIMIZATION_LEVEL = "-Onone";
				SWIFT_SWIFT3_OBJC_INFERENCE = Default;
				TARGETED_DEVICE_FAMILY = "1,2";
				VERSIONING_SYSTEM = "apple-generic";
				VERSION_INFO_PREFIX = "";
			};
			name = Debug;
		};
		565949AE1EC8C12C000AE300 /* Release */ = {
			isa = XCBuildConfiguration;
			buildSettings = {
				ALWAYS_SEARCH_USER_PATHS = NO;
				CLANG_ANALYZER_NONNULL = YES;
				CLANG_ANALYZER_NUMBER_OBJECT_CONVERSION = YES_AGGRESSIVE;
				CLANG_CXX_LANGUAGE_STANDARD = "gnu++0x";
				CLANG_CXX_LIBRARY = "libc++";
				CLANG_ENABLE_MODULES = YES;
				CLANG_ENABLE_OBJC_ARC = YES;
				CLANG_WARN_BLOCK_CAPTURE_AUTORELEASING = YES;
				CLANG_WARN_BOOL_CONVERSION = YES;
				CLANG_WARN_COMMA = YES;
				CLANG_WARN_CONSTANT_CONVERSION = YES;
				CLANG_WARN_DIRECT_OBJC_ISA_USAGE = YES_ERROR;
				CLANG_WARN_DOCUMENTATION_COMMENTS = YES;
				CLANG_WARN_EMPTY_BODY = YES;
				CLANG_WARN_ENUM_CONVERSION = YES;
				CLANG_WARN_INFINITE_RECURSION = YES;
				CLANG_WARN_INT_CONVERSION = YES;
				CLANG_WARN_NON_LITERAL_NULL_CONVERSION = YES;
				CLANG_WARN_OBJC_LITERAL_CONVERSION = YES;
				CLANG_WARN_OBJC_ROOT_CLASS = YES_ERROR;
				CLANG_WARN_RANGE_LOOP_ANALYSIS = YES;
				CLANG_WARN_STRICT_PROTOTYPES = YES;
				CLANG_WARN_SUSPICIOUS_MOVE = YES;
				CLANG_WARN_UNREACHABLE_CODE = YES;
				CLANG_WARN__DUPLICATE_METHOD_MATCH = YES;
				"CODE_SIGN_IDENTITY[sdk=iphoneos*]" = "iPhone Developer";
				COPY_PHASE_STRIP = NO;
				CURRENT_PROJECT_VERSION = 1;
				DEBUG_INFORMATION_FORMAT = "dwarf-with-dsym";
				ENABLE_NS_ASSERTIONS = NO;
				ENABLE_STRICT_OBJC_MSGSEND = YES;
				GCC_C_LANGUAGE_STANDARD = gnu99;
				GCC_NO_COMMON_BLOCKS = YES;
				GCC_WARN_64_TO_32_BIT_CONVERSION = YES;
				GCC_WARN_ABOUT_RETURN_TYPE = YES_ERROR;
				GCC_WARN_UNDECLARED_SELECTOR = YES;
				GCC_WARN_UNINITIALIZED_AUTOS = YES_AGGRESSIVE;
				GCC_WARN_UNUSED_FUNCTION = YES;
				GCC_WARN_UNUSED_VARIABLE = YES;
				IPHONEOS_DEPLOYMENT_TARGET = 10.3;
				MTL_ENABLE_DEBUG_INFO = NO;
				SDKROOT = iphoneos;
				SWIFT_OPTIMIZATION_LEVEL = "-Owholemodule";
				SWIFT_SWIFT3_OBJC_INFERENCE = Default;
				TARGETED_DEVICE_FAMILY = "1,2";
				VALIDATE_PRODUCT = YES;
				VERSIONING_SYSTEM = "apple-generic";
				VERSION_INFO_PREFIX = "";
			};
			name = Release;
		};
		565949B01EC8C12C000AE300 /* Debug */ = {
			isa = XCBuildConfiguration;
			buildSettings = {
				CLANG_ENABLE_MODULES = YES;
				CODE_SIGN_IDENTITY = "";
				DEFINES_MODULE = YES;
				DEVELOPMENT_TEAM = 8Z35TU97D6;
				DYLIB_COMPATIBILITY_VERSION = 1;
				DYLIB_CURRENT_VERSION = 1;
				DYLIB_INSTALL_NAME_BASE = "@rpath";
				INFOPLIST_FILE = OrderedDictionary/Info.plist;
				INSTALL_PATH = "$(LOCAL_LIBRARY_DIR)/Frameworks";
				LD_RUNPATH_SEARCH_PATHS = "$(inherited) @executable_path/Frameworks @loader_path/Frameworks";
				PRODUCT_BUNDLE_IDENTIFIER = com.vldalx.OrderedDictionary;
				PRODUCT_NAME = "$(TARGET_NAME)";
				SKIP_INSTALL = YES;
				SWIFT_OPTIMIZATION_LEVEL = "-Onone";
				SWIFT_SWIFT3_OBJC_INFERENCE = Default;
				SWIFT_VERSION = 4.0;
			};
			name = Debug;
		};
		565949B11EC8C12C000AE300 /* Release */ = {
			isa = XCBuildConfiguration;
			buildSettings = {
				CLANG_ENABLE_MODULES = YES;
				CODE_SIGN_IDENTITY = "";
				DEFINES_MODULE = YES;
				DEVELOPMENT_TEAM = 8Z35TU97D6;
				DYLIB_COMPATIBILITY_VERSION = 1;
				DYLIB_CURRENT_VERSION = 1;
				DYLIB_INSTALL_NAME_BASE = "@rpath";
				INFOPLIST_FILE = OrderedDictionary/Info.plist;
				INSTALL_PATH = "$(LOCAL_LIBRARY_DIR)/Frameworks";
				LD_RUNPATH_SEARCH_PATHS = "$(inherited) @executable_path/Frameworks @loader_path/Frameworks";
				PRODUCT_BUNDLE_IDENTIFIER = com.vldalx.OrderedDictionary;
				PRODUCT_NAME = "$(TARGET_NAME)";
				SKIP_INSTALL = YES;
				SWIFT_SWIFT3_OBJC_INFERENCE = Default;
				SWIFT_VERSION = 4.0;
			};
			name = Release;
		};
		565949B31EC8C12C000AE300 /* Debug */ = {
			isa = XCBuildConfiguration;
			buildSettings = {
				ALWAYS_EMBED_SWIFT_STANDARD_LIBRARIES = YES;
				DEVELOPMENT_TEAM = 8Z35TU97D6;
				INFOPLIST_FILE = OrderedDictionaryTests/Info.plist;
				LD_RUNPATH_SEARCH_PATHS = "$(inherited) @executable_path/Frameworks @loader_path/Frameworks";
				PRODUCT_BUNDLE_IDENTIFIER = com.vldalx.OrderedDictionaryTests;
				PRODUCT_NAME = "$(TARGET_NAME)";
				SWIFT_SWIFT3_OBJC_INFERENCE = Default;
				SWIFT_VERSION = 4.0;
			};
			name = Debug;
		};
		565949B41EC8C12C000AE300 /* Release */ = {
			isa = XCBuildConfiguration;
			buildSettings = {
				ALWAYS_EMBED_SWIFT_STANDARD_LIBRARIES = YES;
				DEVELOPMENT_TEAM = 8Z35TU97D6;
				INFOPLIST_FILE = OrderedDictionaryTests/Info.plist;
				LD_RUNPATH_SEARCH_PATHS = "$(inherited) @executable_path/Frameworks @loader_path/Frameworks";
				PRODUCT_BUNDLE_IDENTIFIER = com.vldalx.OrderedDictionaryTests;
				PRODUCT_NAME = "$(TARGET_NAME)";
				SWIFT_SWIFT3_OBJC_INFERENCE = Default;
				SWIFT_VERSION = 4.0;
			};
			name = Release;
		};
/* End XCBuildConfiguration section */

/* Begin XCConfigurationList section */
		565949951EC8C12C000AE300 /* Build configuration list for PBXProject "OrderedDictionary" */ = {
			isa = XCConfigurationList;
			buildConfigurations = (
				565949AD1EC8C12C000AE300 /* Debug */,
				565949AE1EC8C12C000AE300 /* Release */,
			);
			defaultConfigurationIsVisible = 0;
			defaultConfigurationName = Release;
		};
		565949AF1EC8C12C000AE300 /* Build configuration list for PBXNativeTarget "OrderedDictionary" */ = {
			isa = XCConfigurationList;
			buildConfigurations = (
				565949B01EC8C12C000AE300 /* Debug */,
				565949B11EC8C12C000AE300 /* Release */,
			);
			defaultConfigurationIsVisible = 0;
			defaultConfigurationName = Release;
		};
		565949B21EC8C12C000AE300 /* Build configuration list for PBXNativeTarget "OrderedDictionaryTests" */ = {
			isa = XCConfigurationList;
			buildConfigurations = (
				565949B31EC8C12C000AE300 /* Debug */,
				565949B41EC8C12C000AE300 /* Release */,
			);
			defaultConfigurationIsVisible = 0;
			defaultConfigurationName = Release;
		};
/* End XCConfigurationList section */
	};
	rootObject = 565949921EC8C12C000AE300 /* Project object */;
}
